
Microsoft Visual Studio Solution File, Format Version 12.00
# Visual Studio Version 16
VisualStudioVersion = 16.0.29519.87
MinimumVisualStudioVersion = 10.0.40219.1
Project("{FAE04EC0-301F-11D3-BF4B-00C04F79EFBC}") = "SkopeiTestAPI", "SkopeiTestAPI.csproj", "{EFDAEFDC-2B42-4B1A-8900-6D4EC5764117}"
EndProject
Global
	GlobalSection(SolutionConfigurationPlatforms) = preSolution
		Debug|Any CPU = Debug|Any CPU
		Release|Any CPU = Release|Any CPU
	EndGlobalSection
	GlobalSection(ProjectConfigurationPlatforms) = postSolution
		{EFDAEFDC-2B42-4B1A-8900-6D4EC5764117}.Debug|Any CPU.ActiveCfg = Debug|Any CPU
		{EFDAEFDC-2B42-4B1A-8900-6D4EC5764117}.Debug|Any CPU.Build.0 = Debug|Any CPU
		{EFDAEFDC-2B42-4B1A-8900-6D4EC5764117}.Release|Any CPU.ActiveCfg = Release|Any CPU
		{EFDAEFDC-2B42-4B1A-8900-6D4EC5764117}.Release|Any CPU.Build.0 = Release|Any CPU
	EndGlobalSection
	GlobalSection(SolutionProperties) = preSolution
		HideSolutionNode = FALSE
	EndGlobalSection
	GlobalSection(ExtensibilityGlobals) = postSolution
		SolutionGuid = {50FD434B-8C77-466A-9AB1-2E4803ECBEC0}
	EndGlobalSection
EndGlobal
